# Generated by pub
# See https://dart.dev/tools/pub/glossary#lockfile
packages:
  udp:
    dependency: "direct main"
    description:
      name: udp
      sha256: "50ea45d7ee80ad4c62de4ec0e8ed3ae65c36e9fe8cd0655a2bcd1503d2708e5a"
      url: "https://pub.dev"
    source: hosted
    version: "5.0.3"
sdks:
  dart: ">=3.1.0 <4.0.0"
